
Microsoft Visual Studio Solution File, Format Version 12.00
# Visual Studio Version 17
VisualStudioVersion = 17.7.34031.279
MinimumVisualStudioVersion = 10.0.40219.1
Project("{FAE04EC0-301F-11D3-BF4B-00C04F79EFBC}") = "dasdas", "dasdas\dasdas.csproj", "{DB0CA70E-0AA5-40BE-8197-D320ADC6262D}"
EndProject
Global
	GlobalSection(SolutionConfigurationPlatforms) = preSolution
		Debug|Any CPU = Debug|Any CPU
		Release|Any CPU = Release|Any CPU
	EndGlobalSection
	GlobalSection(ProjectConfigurationPlatforms) = postSolution
		{DB0CA70E-0AA5-40BE-8197-D320ADC6262D}.Debug|Any CPU.ActiveCfg = Debug|Any CPU
		{DB0CA70E-0AA5-40BE-8197-D320ADC6262D}.Debug|Any CPU.Build.0 = Debug|Any CPU
		{DB0CA70E-0AA5-40BE-8197-D320ADC6262D}.Release|Any CPU.ActiveCfg = Release|Any CPU
		{DB0CA70E-0AA5-40BE-8197-D320ADC6262D}.Release|Any CPU.Build.0 = Release|Any CPU
	EndGlobalSection
	GlobalSection(SolutionProperties) = preSolution
		HideSolutionNode = FALSE
	EndGlobalSection
	GlobalSection(ExtensibilityGlobals) = postSolution
		SolutionGuid = {22BB0579-C391-4BFD-A9BA-4C59477432AA}
	EndGlobalSection
EndGlobal
